# This file is automatically @generated by Poetry 1.6.1 and should not be changed by hand.

[[package]]
name = "antlr4-python3-runtime"
version = "4.13.1"
description = "ANTLR 4.13.1 runtime for Python 3"
optional = false
python-versions = "*"
files = [
    {file = "antlr4-python3-runtime-4.13.1.tar.gz", hash = "sha256:3cd282f5ea7cfb841537fe01f143350fdb1c0b1ce7981443a2fa8513fddb6d1a"},
    {file = "antlr4_python3_runtime-4.13.1-py3-none-any.whl", hash = "sha256:78ec57aad12c97ac039ca27403ad61cb98aaec8a3f9bb8144f889aa0fa28b943"},
]

[[package]]
name = "antlr4-tools"
version = "0.2"
description = "Tools to run ANTLR4 tool and grammar interpreter/profiler"
optional = false
python-versions = "*"
files = [
    {file = "antlr4-tools-0.2.tar.gz", hash = "sha256:9e44b636fec5c6daf890d479378b6fe684b62de32084baeabaf51c352fd9a7e0"},
    {file = "antlr4_tools-0.2-py3-none-any.whl", hash = "sha256:59a192826963c5a94e982c0b3d8e9439a84f051f47c8fae1169f6331139ebf39"},
]

[package.dependencies]
install-jdk = "*"

[[package]]
name = "install-jdk"
version = "1.1.0"
description = "install-jdk allows you to easily install latest Java OpenJDK version. Supports OpenJDK builds from Adoptium (previously AdoptOpenJDK), Corretto, and Zulu. Simplify your Java development with the latest OpenJDK builds."
optional = false
python-versions = ">=3.6,<4.0"
files = [
    {file = "install_jdk-1.1.0-py3-none-any.whl", hash = "sha256:b63f0fcd63f7abab3443d4120ba92716397753b8a8ea3c85762a629925a9936e"},
    {file = "install_jdk-1.1.0.tar.gz", hash = "sha256:2bfd53caf660e4916df0215a5715519dcb9547fa2a5f07421fd97a8046851eaa"},
]

[metadata]
lock-version = "2.0"
python-versions = "^3.9"
content-hash = "dd273616c80ea780f666c2246b62bed334225eceb29a61716349689f32b38e0a"
